// !$*UTF8*$!
{
	archiveVersion = 1;
	classes = {
	};
	objectVersion = 56;
	objects = {

/* Begin PBXBuildFile section */
		0EEE3A582D06FDAF66347339 /* Pods_footballuiTests.framework in Frameworks */ = {isa = PBXBuildFile; fileRef = 132292396F019B35D27B2CB0 /* Pods_footballuiTests.framework */; };
		274F5BBA9EE61F69F6C4A34E /* Pods_footballui_footballuiUITests.framework in Frameworks */ = {isa = PBXBuildFile; fileRef = 6166D9A1E5389CEB64F7F3D0 /* Pods_footballui_footballuiUITests.framework */; };
		823A822E6B9D222B91A39F56 /* Pods_footballui.framework in Frameworks */ = {isa = PBXBuildFile; fileRef = ACD774C5C2773161BF370A47 /* Pods_footballui.framework */; };
		FA27E24C2AC2DB690023841D /* footballuiApp.swift in Sources */ = {isa = PBXBuildFile; fileRef = FA27E24B2AC2DB690023841D /* footballuiApp.swift */; };
		FA27E2502AC2DB6A0023841D /* Assets.xcassets in Resources */ = {isa = PBXBuildFile; fileRef = FA27E24F2AC2DB6A0023841D /* Assets.xcassets */; };
		FA27E2532AC2DB6A0023841D /* Preview Assets.xcassets in Resources */ = {isa = PBXBuildFile; fileRef = FA27E2522AC2DB6A0023841D /* Preview Assets.xcassets */; };
		FA27E25D2AC2DB6B0023841D /* footballuiTests.swift in Sources */ = {isa = PBXBuildFile; fileRef = FA27E25C2AC2DB6B0023841D /* footballuiTests.swift */; };
		FA27E2672AC2DB6B0023841D /* footballuiUITests.swift in Sources */ = {isa = PBXBuildFile; fileRef = FA27E2662AC2DB6B0023841D /* footballuiUITests.swift */; };
		FA27E2692AC2DB6B0023841D /* footballuiUITestsLaunchTests.swift in Sources */ = {isa = PBXBuildFile; fileRef = FA27E2682AC2DB6B0023841D /* footballuiUITestsLaunchTests.swift */; };
		FA27E27B2AC2E5FF0023841D /* HomeView.swift in Sources */ = {isa = PBXBuildFile; fileRef = FA27E27A2AC2E5FF0023841D /* HomeView.swift */; };
		FA27E27F2AC2EAB20023841D /* FootballResponseModel.swift in Sources */ = {isa = PBXBuildFile; fileRef = FA27E27E2AC2EAB20023841D /* FootballResponseModel.swift */; };
		FA27E2822AC2ECCA0023841D /* ApiBuilder.swift in Sources */ = {isa = PBXBuildFile; fileRef = FA27E2812AC2ECCA0023841D /* ApiBuilder.swift */; };
		FA27E2872AC2EFC80023841D /* APIError.swift in Sources */ = {isa = PBXBuildFile; fileRef = FA27E2862AC2EFC80023841D /* APIError.swift */; };
		FA27E28B2AC2F56A0023841D /* FootballService.swift in Sources */ = {isa = PBXBuildFile; fileRef = FA27E28A2AC2F56A0023841D /* FootballService.swift */; };
		FA27E28E2AC2FAED0023841D /* FootballState.swift in Sources */ = {isa = PBXBuildFile; fileRef = FA27E28D2AC2FAED0023841D /* FootballState.swift */; };
		FA27E2912AC2FB900023841D /* FootballViewModel.swift in Sources */ = {isa = PBXBuildFile; fileRef = FA27E2902AC2FB900023841D /* FootballViewModel.swift */; };
		FA27E2952AC300D70023841D /* LeagueView.swift in Sources */ = {isa = PBXBuildFile; fileRef = FA27E2942AC300D70023841D /* LeagueView.swift */; };
		FA27E2972AC305A10023841D /* ErrorView.swift in Sources */ = {isa = PBXBuildFile; fileRef = FA27E2962AC305A10023841D /* ErrorView.swift */; };
		FA5B0C6C2AC3E36C00D5EAB4 /* SearchBarView.swift in Sources */ = {isa = PBXBuildFile; fileRef = FA5B0C6B2AC3E36C00D5EAB4 /* SearchBarView.swift */; };
		FA6783C32ADE8B8100E65F7C /* TeamOnLeagueState.swift in Sources */ = {isa = PBXBuildFile; fileRef = FA6783C22ADE8B8100E65F7C /* TeamOnLeagueState.swift */; };
		FAEB3A942AE0D499001C76BC /* TeamsResponseModel.swift in Sources */ = {isa = PBXBuildFile; fileRef = FAEB3A932AE0D499001C76BC /* TeamsResponseModel.swift */; };
		FAEB3A962AE0E020001C76BC /* TeamView.swift in Sources */ = {isa = PBXBuildFile; fileRef = FAEB3A952AE0E020001C76BC /* TeamView.swift */; };
		FAEB3A982AE11427001C76BC /* TeamViewModel.swift in Sources */ = {isa = PBXBuildFile; fileRef = FAEB3A972AE11427001C76BC /* TeamViewModel.swift */; };
		FAEB3A9A2AE12E6D001C76BC /* TeamCardView.swift in Sources */ = {isa = PBXBuildFile; fileRef = FAEB3A992AE12E6D001C76BC /* TeamCardView.swift */; };
/* End PBXBuildFile section */

/* Begin PBXContainerItemProxy section */
		FA27E2592AC2DB6B0023841D /* PBXContainerItemProxy */ = {
			isa = PBXContainerItemProxy;
			containerPortal = FA27E2402AC2DB690023841D /* Project object */;
			proxyType = 1;
			remoteGlobalIDString = FA27E2472AC2DB690023841D;
			remoteInfo = footballui;
		};
		FA27E2632AC2DB6B0023841D /* PBXContainerItemProxy */ = {
			isa = PBXContainerItemProxy;
			containerPortal = FA27E2402AC2DB690023841D /* Project object */;
			proxyType = 1;
			remoteGlobalIDString = FA27E2472AC2DB690023841D;
			remoteInfo = footballui;
		};
/* End PBXContainerItemProxy section */

/* Begin PBXFileReference section */
		132292396F019B35D27B2CB0 /* Pods_footballuiTests.framework */ = {isa = PBXFileReference; explicitFileType = wrapper.framework; includeInIndex = 0; path = Pods_footballuiTests.framework; sourceTree = BUILT_PRODUCTS_DIR; };
		1D5D15AB050AA87B7ACC396C /* Pods-footballui-footballuiUITests.debug.xcconfig */ = {isa = PBXFileReference; includeInIndex = 1; lastKnownFileType = text.xcconfig; name = "Pods-footballui-footballuiUITests.debug.xcconfig"; path = "Target Support Files/Pods-footballui-footballuiUITests/Pods-footballui-footballuiUITests.debug.xcconfig"; sourceTree = "<group>"; };
		6166D9A1E5389CEB64F7F3D0 /* Pods_footballui_footballuiUITests.framework */ = {isa = PBXFileReference; explicitFileType = wrapper.framework; includeInIndex = 0; path = Pods_footballui_footballuiUITests.framework; sourceTree = BUILT_PRODUCTS_DIR; };
		7549C337C730798F85428220 /* Pods-footballuiTests.release.xcconfig */ = {isa = PBXFileReference; includeInIndex = 1; lastKnownFileType = text.xcconfig; name = "Pods-footballuiTests.release.xcconfig"; path = "Target Support Files/Pods-footballuiTests/Pods-footballuiTests.release.xcconfig"; sourceTree = "<group>"; };
		A9112E9086A84DE98E9FA385 /* Pods-footballui.debug.xcconfig */ = {isa = PBXFileReference; includeInIndex = 1; lastKnownFileType = text.xcconfig; name = "Pods-footballui.debug.xcconfig"; path = "Target Support Files/Pods-footballui/Pods-footballui.debug.xcconfig"; sourceTree = "<group>"; };
		A9AD38A527777CE8A5DEF08C /* Pods-footballuiTests.debug.xcconfig */ = {isa = PBXFileReference; includeInIndex = 1; lastKnownFileType = text.xcconfig; name = "Pods-footballuiTests.debug.xcconfig"; path = "Target Support Files/Pods-footballuiTests/Pods-footballuiTests.debug.xcconfig"; sourceTree = "<group>"; };
		ACD774C5C2773161BF370A47 /* Pods_footballui.framework */ = {isa = PBXFileReference; explicitFileType = wrapper.framework; includeInIndex = 0; path = Pods_footballui.framework; sourceTree = BUILT_PRODUCTS_DIR; };
		BC9A76A56A17EB6A4F25B5CD /* Pods-footballui-footballuiUITests.release.xcconfig */ = {isa = PBXFileReference; includeInIndex = 1; lastKnownFileType = text.xcconfig; name = "Pods-footballui-footballuiUITests.release.xcconfig"; path = "Target Support Files/Pods-footballui-footballuiUITests/Pods-footballui-footballuiUITests.release.xcconfig"; sourceTree = "<group>"; };
		D0C43792EF5F76E063629106 /* Pods-footballui.release.xcconfig */ = {isa = PBXFileReference; includeInIndex = 1; lastKnownFileType = text.xcconfig; name = "Pods-footballui.release.xcconfig"; path = "Target Support Files/Pods-footballui/Pods-footballui.release.xcconfig"; sourceTree = "<group>"; };
		FA27E2482AC2DB690023841D /* footballui.app */ = {isa = PBXFileReference; explicitFileType = wrapper.application; includeInIndex = 0; path = footballui.app; sourceTree = BUILT_PRODUCTS_DIR; };
		FA27E24B2AC2DB690023841D /* footballuiApp.swift */ = {isa = PBXFileReference; lastKnownFileType = sourcecode.swift; path = footballuiApp.swift; sourceTree = "<group>"; };
		FA27E24F2AC2DB6A0023841D /* Assets.xcassets */ = {isa = PBXFileReference; lastKnownFileType = folder.assetcatalog; path = Assets.xcassets; sourceTree = "<group>"; };
		FA27E2522AC2DB6A0023841D /* Preview Assets.xcassets */ = {isa = PBXFileReference; lastKnownFileType = folder.assetcatalog; path = "Preview Assets.xcassets"; sourceTree = "<group>"; };
		FA27E2582AC2DB6B0023841D /* footballuiTests.xctest */ = {isa = PBXFileReference; explicitFileType = wrapper.cfbundle; includeInIndex = 0; path = footballuiTests.xctest; sourceTree = BUILT_PRODUCTS_DIR; };
		FA27E25C2AC2DB6B0023841D /* footballuiTests.swift */ = {isa = PBXFileReference; lastKnownFileType = sourcecode.swift; path = footballuiTests.swift; sourceTree = "<group>"; };
		FA27E2622AC2DB6B0023841D /* footballuiUITests.xctest */ = {isa = PBXFileReference; explicitFileType = wrapper.cfbundle; includeInIndex = 0; path = footballuiUITests.xctest; sourceTree = BUILT_PRODUCTS_DIR; };
		FA27E2662AC2DB6B0023841D /* footballuiUITests.swift */ = {isa = PBXFileReference; lastKnownFileType = sourcecode.swift; path = footballuiUITests.swift; sourceTree = "<group>"; };
		FA27E2682AC2DB6B0023841D /* footballuiUITestsLaunchTests.swift */ = {isa = PBXFileReference; lastKnownFileType = sourcecode.swift; path = footballuiUITestsLaunchTests.swift; sourceTree = "<group>"; };
		FA27E27A2AC2E5FF0023841D /* HomeView.swift */ = {isa = PBXFileReference; lastKnownFileType = sourcecode.swift; path = HomeView.swift; sourceTree = "<group>"; };
		FA27E27E2AC2EAB20023841D /* FootballResponseModel.swift */ = {isa = PBXFileReference; lastKnownFileType = sourcecode.swift; path = FootballResponseModel.swift; sourceTree = "<group>"; };
		FA27E2812AC2ECCA0023841D /* ApiBuilder.swift */ = {isa = PBXFileReference; lastKnownFileType = sourcecode.swift; path = ApiBuilder.swift; sourceTree = "<group>"; };
		FA27E2862AC2EFC80023841D /* APIError.swift */ = {isa = PBXFileReference; lastKnownFileType = sourcecode.swift; path = APIError.swift; sourceTree = "<group>"; };
		FA27E28A2AC2F56A0023841D /* FootballService.swift */ = {isa = PBXFileReference; lastKnownFileType = sourcecode.swift; path = FootballService.swift; sourceTree = "<group>"; };
		FA27E28D2AC2FAED0023841D /* FootballState.swift */ = {isa = PBXFileReference; lastKnownFileType = sourcecode.swift; path = FootballState.swift; sourceTree = "<group>"; };
		FA27E2902AC2FB900023841D /* FootballViewModel.swift */ = {isa = PBXFileReference; lastKnownFileType = sourcecode.swift; path = FootballViewModel.swift; sourceTree = "<group>"; };
		FA27E2942AC300D70023841D /* LeagueView.swift */ = {isa = PBXFileReference; lastKnownFileType = sourcecode.swift; path = LeagueView.swift; sourceTree = "<group>"; };
		FA27E2962AC305A10023841D /* ErrorView.swift */ = {isa = PBXFileReference; lastKnownFileType = sourcecode.swift; path = ErrorView.swift; sourceTree = "<group>"; };
		FA5B0C6B2AC3E36C00D5EAB4 /* SearchBarView.swift */ = {isa = PBXFileReference; lastKnownFileType = sourcecode.swift; path = SearchBarView.swift; sourceTree = "<group>"; };
		FA6783C22ADE8B8100E65F7C /* TeamOnLeagueState.swift */ = {isa = PBXFileReference; lastKnownFileType = sourcecode.swift; path = TeamOnLeagueState.swift; sourceTree = "<group>"; };
		FAEB3A932AE0D499001C76BC /* TeamsResponseModel.swift */ = {isa = PBXFileReference; lastKnownFileType = sourcecode.swift; path = TeamsResponseModel.swift; sourceTree = "<group>"; };
		FAEB3A952AE0E020001C76BC /* TeamView.swift */ = {isa = PBXFileReference; lastKnownFileType = sourcecode.swift; path = TeamView.swift; sourceTree = "<group>"; };
		FAEB3A972AE11427001C76BC /* TeamViewModel.swift */ = {isa = PBXFileReference; lastKnownFileType = sourcecode.swift; path = TeamViewModel.swift; sourceTree = "<group>"; };
		FAEB3A992AE12E6D001C76BC /* TeamCardView.swift */ = {isa = PBXFileReference; lastKnownFileType = sourcecode.swift; path = TeamCardView.swift; sourceTree = "<group>"; };
/* End PBXFileReference section */

/* Begin PBXFrameworksBuildPhase section */
		FA27E2452AC2DB690023841D /* Frameworks */ = {
			isa = PBXFrameworksBuildPhase;
			buildActionMask = 2147483647;
			files = (
				823A822E6B9D222B91A39F56 /* Pods_footballui.framework in Frameworks */,
			);
			runOnlyForDeploymentPostprocessing = 0;
		};
		FA27E2552AC2DB6B0023841D /* Frameworks */ = {
			isa = PBXFrameworksBuildPhase;
			buildActionMask = 2147483647;
			files = (
				0EEE3A582D06FDAF66347339 /* Pods_footballuiTests.framework in Frameworks */,
			);
			runOnlyForDeploymentPostprocessing = 0;
		};
		FA27E25F2AC2DB6B0023841D /* Frameworks */ = {
			isa = PBXFrameworksBuildPhase;
			buildActionMask = 2147483647;
			files = (
				274F5BBA9EE61F69F6C4A34E /* Pods_footballui_footballuiUITests.framework in Frameworks */,
			);
			runOnlyForDeploymentPostprocessing = 0;
		};
/* End PBXFrameworksBuildPhase section */

/* Begin PBXGroup section */
		07EF59F495DDF41B2ACC272C /* Frameworks */ = {
			isa = PBXGroup;
			children = (
				ACD774C5C2773161BF370A47 /* Pods_footballui.framework */,
				6166D9A1E5389CEB64F7F3D0 /* Pods_footballui_footballuiUITests.framework */,
				132292396F019B35D27B2CB0 /* Pods_footballuiTests.framework */,
			);
			name = Frameworks;
			sourceTree = "<group>";
		};
		EA30A5E9727D024E7954B3AB /* Pods */ = {
			isa = PBXGroup;
			children = (
				A9112E9086A84DE98E9FA385 /* Pods-footballui.debug.xcconfig */,
				D0C43792EF5F76E063629106 /* Pods-footballui.release.xcconfig */,
				1D5D15AB050AA87B7ACC396C /* Pods-footballui-footballuiUITests.debug.xcconfig */,
				BC9A76A56A17EB6A4F25B5CD /* Pods-footballui-footballuiUITests.release.xcconfig */,
				A9AD38A527777CE8A5DEF08C /* Pods-footballuiTests.debug.xcconfig */,
				7549C337C730798F85428220 /* Pods-footballuiTests.release.xcconfig */,
			);
			path = Pods;
			sourceTree = "<group>";
		};
		FA27E23F2AC2DB690023841D = {
			isa = PBXGroup;
			children = (
				FA27E24A2AC2DB690023841D /* footballui */,
				FA27E25B2AC2DB6B0023841D /* footballuiTests */,
				FA27E2652AC2DB6B0023841D /* footballuiUITests */,
				FA27E2492AC2DB690023841D /* Products */,
				EA30A5E9727D024E7954B3AB /* Pods */,
				07EF59F495DDF41B2ACC272C /* Frameworks */,
			);
			sourceTree = "<group>";
		};
		FA27E2492AC2DB690023841D /* Products */ = {
			isa = PBXGroup;
			children = (
				FA27E2482AC2DB690023841D /* footballui.app */,
				FA27E2582AC2DB6B0023841D /* footballuiTests.xctest */,
				FA27E2622AC2DB6B0023841D /* footballuiUITests.xctest */,
			);
			name = Products;
			sourceTree = "<group>";
		};
		FA27E24A2AC2DB690023841D /* footballui */ = {
			isa = PBXGroup;
			children = (
				FA27E28F2AC2FB740023841D /* ViewModel */,
				FA27E28C2AC2FAD30023841D /* States */,
				FA27E2892AC2F5440023841D /* Service */,
				FA27E2832AC2EF940023841D /* Error */,
				FA27E2802AC2EC8E0023841D /* Endpoint */,
				FA27E27D2AC2EA8E0023841D /* Model */,
				FA27E2772AC2E5C00023841D /* Views */,
				FA27E24B2AC2DB690023841D /* footballuiApp.swift */,
				FA27E24F2AC2DB6A0023841D /* Assets.xcassets */,
				FA27E2512AC2DB6A0023841D /* Preview Content */,
			);
			path = footballui;
			sourceTree = "<group>";
		};
		FA27E2512AC2DB6A0023841D /* Preview Content */ = {
			isa = PBXGroup;
			children = (
				FA27E2522AC2DB6A0023841D /* Preview Assets.xcassets */,
			);
			path = "Preview Content";
			sourceTree = "<group>";
		};
		FA27E25B2AC2DB6B0023841D /* footballuiTests */ = {
			isa = PBXGroup;
			children = (
				FA27E25C2AC2DB6B0023841D /* footballuiTests.swift */,
			);
			path = footballuiTests;
			sourceTree = "<group>";
		};
		FA27E2652AC2DB6B0023841D /* footballuiUITests */ = {
			isa = PBXGroup;
			children = (
				FA27E2662AC2DB6B0023841D /* footballuiUITests.swift */,
				FA27E2682AC2DB6B0023841D /* footballuiUITestsLaunchTests.swift */,
			);
			path = footballuiUITests;
			sourceTree = "<group>";
		};
		FA27E2772AC2E5C00023841D /* Views */ = {
			isa = PBXGroup;
			children = (
				FA27E27A2AC2E5FF0023841D /* HomeView.swift */,
				FA27E2942AC300D70023841D /* LeagueView.swift */,
				FA27E2962AC305A10023841D /* ErrorView.swift */,
				FA5B0C6B2AC3E36C00D5EAB4 /* SearchBarView.swift */,
				FAEB3A952AE0E020001C76BC /* TeamView.swift */,
				FAEB3A992AE12E6D001C76BC /* TeamCardView.swift */,
			);
			path = Views;
			sourceTree = "<group>";
		};
		FA27E27D2AC2EA8E0023841D /* Model */ = {
			isa = PBXGroup;
			children = (
				FA27E27E2AC2EAB20023841D /* FootballResponseModel.swift */,
				FAEB3A932AE0D499001C76BC /* TeamsResponseModel.swift */,
			);
			path = Model;
			sourceTree = "<group>";
		};
		FA27E2802AC2EC8E0023841D /* Endpoint */ = {
			isa = PBXGroup;
			children = (
				FA27E2812AC2ECCA0023841D /* ApiBuilder.swift */,
			);
			path = Endpoint;
			sourceTree = "<group>";
		};
		FA27E2832AC2EF940023841D /* Error */ = {
			isa = PBXGroup;
			children = (
				FA27E2862AC2EFC80023841D /* APIError.swift */,
			);
			path = Error;
			sourceTree = "<group>";
		};
		FA27E2892AC2F5440023841D /* Service */ = {
			isa = PBXGroup;
			children = (
				FA27E28A2AC2F56A0023841D /* FootballService.swift */,
			);
			path = Service;
			sourceTree = "<group>";
		};
		FA27E28C2AC2FAD30023841D /* States */ = {
			isa = PBXGroup;
			children = (
				FA27E28D2AC2FAED0023841D /* FootballState.swift */,
				FA6783C22ADE8B8100E65F7C /* TeamOnLeagueState.swift */,
			);
			path = States;
			sourceTree = "<group>";
		};
		FA27E28F2AC2FB740023841D /* ViewModel */ = {
			isa = PBXGroup;
			children = (
				FA27E2902AC2FB900023841D /* FootballViewModel.swift */,
				FAEB3A972AE11427001C76BC /* TeamViewModel.swift */,
			);
			path = ViewModel;
			sourceTree = "<group>";
		};
/* End PBXGroup section */

/* Begin PBXNativeTarget section */
		FA27E2472AC2DB690023841D /* footballui */ = {
			isa = PBXNativeTarget;
			buildConfigurationList = FA27E26C2AC2DB6B0023841D /* Build configuration list for PBXNativeTarget "footballui" */;
			buildPhases = (
				2FD641A0A7E5B12A7823342E /* [CP] Check Pods Manifest.lock */,
				FA27E2442AC2DB690023841D /* Sources */,
				FA27E2452AC2DB690023841D /* Frameworks */,
				FA27E2462AC2DB690023841D /* Resources */,
				604CBD9C914246A699D053B1 /* [CP] Embed Pods Frameworks */,
			);
			buildRules = (
			);
			dependencies = (
			);
			name = footballui;
			productName = footballui;
			productReference = FA27E2482AC2DB690023841D /* footballui.app */;
			productType = "com.apple.product-type.application";
		};
		FA27E2572AC2DB6B0023841D /* footballuiTests */ = {
			isa = PBXNativeTarget;
			buildConfigurationList = FA27E26F2AC2DB6B0023841D /* Build configuration list for PBXNativeTarget "footballuiTests" */;
			buildPhases = (
				147F26036464547B3DD94508 /* [CP] Check Pods Manifest.lock */,
				FA27E2542AC2DB6B0023841D /* Sources */,
				FA27E2552AC2DB6B0023841D /* Frameworks */,
				FA27E2562AC2DB6B0023841D /* Resources */,
			);
			buildRules = (
			);
			dependencies = (
				FA27E25A2AC2DB6B0023841D /* PBXTargetDependency */,
			);
			name = footballuiTests;
			productName = footballuiTests;
			productReference = FA27E2582AC2DB6B0023841D /* footballuiTests.xctest */;
			productType = "com.apple.product-type.bundle.unit-test";
		};
		FA27E2612AC2DB6B0023841D /* footballuiUITests */ = {
			isa = PBXNativeTarget;
			buildConfigurationList = FA27E2722AC2DB6B0023841D /* Build configuration list for PBXNativeTarget "footballuiUITests" */;
			buildPhases = (
				71BD0772C288DE47FD95AFB9 /* [CP] Check Pods Manifest.lock */,
				FA27E25E2AC2DB6B0023841D /* Sources */,
				FA27E25F2AC2DB6B0023841D /* Frameworks */,
				FA27E2602AC2DB6B0023841D /* Resources */,
				8C6BD3232E9B8C65CB8A4659 /* [CP] Embed Pods Frameworks */,
			);
			buildRules = (
			);
			dependencies = (
				FA27E2642AC2DB6B0023841D /* PBXTargetDependency */,
			);
			name = footballuiUITests;
			productName = footballuiUITests;
			productReference = FA27E2622AC2DB6B0023841D /* footballuiUITests.xctest */;
			productType = "com.apple.product-type.bundle.ui-testing";
		};
/* End PBXNativeTarget section */

/* Begin PBXProject section */
		FA27E2402AC2DB690023841D /* Project object */ = {
			isa = PBXProject;
			attributes = {
				BuildIndependentTargetsInParallel = 1;
				LastSwiftUpdateCheck = 1500;
				LastUpgradeCheck = 1500;
				TargetAttributes = {
					FA27E2472AC2DB690023841D = {
						CreatedOnToolsVersion = 15.0;
					};
					FA27E2572AC2DB6B0023841D = {
						CreatedOnToolsVersion = 15.0;
						TestTargetID = FA27E2472AC2DB690023841D;
					};
					FA27E2612AC2DB6B0023841D = {
						CreatedOnToolsVersion = 15.0;
						TestTargetID = FA27E2472AC2DB690023841D;
					};
				};
			};
			buildConfigurationList = FA27E2432AC2DB690023841D /* Build configuration list for PBXProject "footballui" */;
			compatibilityVersion = "Xcode 14.0";
			developmentRegion = en;
			hasScannedForEncodings = 0;
			knownRegions = (
				en,
				Base,
			);
			mainGroup = FA27E23F2AC2DB690023841D;
			productRefGroup = FA27E2492AC2DB690023841D /* Products */;
			projectDirPath = "";
			projectRoot = "";
			targets = (
				FA27E2472AC2DB690023841D /* footballui */,
				FA27E2572AC2DB6B0023841D /* footballuiTests */,
				FA27E2612AC2DB6B0023841D /* footballuiUITests */,
			);
		};
/* End PBXProject section */

/* Begin PBXResourcesBuildPhase section */
		FA27E2462AC2DB690023841D /* Resources */ = {
			isa = PBXResourcesBuildPhase;
			buildActionMask = 2147483647;
			files = (
				FA27E2532AC2DB6A0023841D /* Preview Assets.xcassets in Resources */,
				FA27E2502AC2DB6A0023841D /* Assets.xcassets in Resources */,
			);
			runOnlyForDeploymentPostprocessing = 0;
		};
		FA27E2562AC2DB6B0023841D /* Resources */ = {
			isa = PBXResourcesBuildPhase;
			buildActionMask = 2147483647;
			files = (
			);
			runOnlyForDeploymentPostprocessing = 0;
		};
		FA27E2602AC2DB6B0023841D /* Resources */ = {
			isa = PBXResourcesBuildPhase;
			buildActionMask = 2147483647;
			files = (
			);
			runOnlyForDeploymentPostprocessing = 0;
		};
/* End PBXResourcesBuildPhase section */

/* Begin PBXShellScriptBuildPhase section */
		147F26036464547B3DD94508 /* [CP] Check Pods Manifest.lock */ = {
			isa = PBXShellScriptBuildPhase;
			buildActionMask = 2147483647;
			files = (
			);
			inputFileListPaths = (
			);
			inputPaths = (
				"${PODS_PODFILE_DIR_PATH}/Podfile.lock",
				"${PODS_ROOT}/Manifest.lock",
			);
			name = "[CP] Check Pods Manifest.lock";
			outputFileListPaths = (
			);
			outputPaths = (
				"$(DERIVED_FILE_DIR)/Pods-footballuiTests-checkManifestLockResult.txt",
			);
			runOnlyForDeploymentPostprocessing = 0;
			shellPath = /bin/sh;
			shellScript = "diff \"${PODS_PODFILE_DIR_PATH}/Podfile.lock\" \"${PODS_ROOT}/Manifest.lock\" > /dev/null\nif [ $? != 0 ] ; then\n    # print error to STDERR\n    echo \"error: The sandbox is not in sync with the Podfile.lock. Run 'pod install' or update your CocoaPods installation.\" >&2\n    exit 1\nfi\n# This output is used by Xcode 'outputs' to avoid re-running this script phase.\necho \"SUCCESS\" > \"${SCRIPT_OUTPUT_FILE_0}\"\n";
			showEnvVarsInLog = 0;
		};
		2FD641A0A7E5B12A7823342E /* [CP] Check Pods Manifest.lock */ = {
			isa = PBXShellScriptBuildPhase;
			buildActionMask = 2147483647;
			files = (
			);
			inputFileListPaths = (
			);
			inputPaths = (
				"${PODS_PODFILE_DIR_PATH}/Podfile.lock",
				"${PODS_ROOT}/Manifest.lock",
			);
			name = "[CP] Check Pods Manifest.lock";
			outputFileListPaths = (
			);
			outputPaths = (
				"$(DERIVED_FILE_DIR)/Pods-footballui-checkManifestLockResult.txt",
			);
			runOnlyForDeploymentPostprocessing = 0;
			shellPath = /bin/sh;
			shellScript = "diff \"${PODS_PODFILE_DIR_PATH}/Podfile.lock\" \"${PODS_ROOT}/Manifest.lock\" > /dev/null\nif [ $? != 0 ] ; then\n    # print error to STDERR\n    echo \"error: The sandbox is not in sync with the Podfile.lock. Run 'pod install' or update your CocoaPods installation.\" >&2\n    exit 1\nfi\n# This output is used by Xcode 'outputs' to avoid re-running this script phase.\necho \"SUCCESS\" > \"${SCRIPT_OUTPUT_FILE_0}\"\n";
			showEnvVarsInLog = 0;
		};
		604CBD9C914246A699D053B1 /* [CP] Embed Pods Frameworks */ = {
			isa = PBXShellScriptBuildPhase;
			buildActionMask = 2147483647;
			files = (
			);
			inputFileListPaths = (
				"${PODS_ROOT}/Target Support Files/Pods-footballui/Pods-footballui-frameworks-${CONFIGURATION}-input-files.xcfilelist",
			);
			name = "[CP] Embed Pods Frameworks";
			outputFileListPaths = (
				"${PODS_ROOT}/Target Support Files/Pods-footballui/Pods-footballui-frameworks-${CONFIGURATION}-output-files.xcfilelist",
			);
			runOnlyForDeploymentPostprocessing = 0;
			shellPath = /bin/sh;
			shellScript = "\"${PODS_ROOT}/Target Support Files/Pods-footballui/Pods-footballui-frameworks.sh\"\n";
			showEnvVarsInLog = 0;
		};
		71BD0772C288DE47FD95AFB9 /* [CP] Check Pods Manifest.lock */ = {
			isa = PBXShellScriptBuildPhase;
			buildActionMask = 2147483647;
			files = (
			);
			inputFileListPaths = (
			);
			inputPaths = (
				"${PODS_PODFILE_DIR_PATH}/Podfile.lock",
				"${PODS_ROOT}/Manifest.lock",
			);
			name = "[CP] Check Pods Manifest.lock";
			outputFileListPaths = (
			);
			outputPaths = (
				"$(DERIVED_FILE_DIR)/Pods-footballui-footballuiUITests-checkManifestLockResult.txt",
			);
			runOnlyForDeploymentPostprocessing = 0;
			shellPath = /bin/sh;
			shellScript = "diff \"${PODS_PODFILE_DIR_PATH}/Podfile.lock\" \"${PODS_ROOT}/Manifest.lock\" > /dev/null\nif [ $? != 0 ] ; then\n    # print error to STDERR\n    echo \"error: The sandbox is not in sync with the Podfile.lock. Run 'pod install' or update your CocoaPods installation.\" >&2\n    exit 1\nfi\n# This output is used by Xcode 'outputs' to avoid re-running this script phase.\necho \"SUCCESS\" > \"${SCRIPT_OUTPUT_FILE_0}\"\n";
			showEnvVarsInLog = 0;
		};
		8C6BD3232E9B8C65CB8A4659 /* [CP] Embed Pods Frameworks */ = {
			isa = PBXShellScriptBuildPhase;
			buildActionMask = 2147483647;
			files = (
			);
			inputFileListPaths = (
				"${PODS_ROOT}/Target Support Files/Pods-footballui-footballuiUITests/Pods-footballui-footballuiUITests-frameworks-${CONFIGURATION}-input-files.xcfilelist",
			);
			name = "[CP] Embed Pods Frameworks";
			outputFileListPaths = (
				"${PODS_ROOT}/Target Support Files/Pods-footballui-footballuiUITests/Pods-footballui-footballuiUITests-frameworks-${CONFIGURATION}-output-files.xcfilelist",
			);
			runOnlyForDeploymentPostprocessing = 0;
			shellPath = /bin/sh;
			shellScript = "\"${PODS_ROOT}/Target Support Files/Pods-footballui-footballuiUITests/Pods-footballui-footballuiUITests-frameworks.sh\"\n";
			showEnvVarsInLog = 0;
		};
/* End PBXShellScriptBuildPhase section */

/* Begin PBXSourcesBuildPhase section */
		FA27E2442AC2DB690023841D /* Sources */ = {
			isa = PBXSourcesBuildPhase;
			buildActionMask = 2147483647;
			files = (
				FA27E2822AC2ECCA0023841D /* ApiBuilder.swift in Sources */,
				FA27E2952AC300D70023841D /* LeagueView.swift in Sources */,
				FA6783C32ADE8B8100E65F7C /* TeamOnLeagueState.swift in Sources */,
				FA27E2912AC2FB900023841D /* FootballViewModel.swift in Sources */,
				FA27E24C2AC2DB690023841D /* footballuiApp.swift in Sources */,
				FAEB3A982AE11427001C76BC /* TeamViewModel.swift in Sources */,
				FAEB3A962AE0E020001C76BC /* TeamView.swift in Sources */,
				FA27E27F2AC2EAB20023841D /* FootballResponseModel.swift in Sources */,
				FAEB3A942AE0D499001C76BC /* TeamsResponseModel.swift in Sources */,
				FAEB3A9A2AE12E6D001C76BC /* TeamCardView.swift in Sources */,
				FA27E2972AC305A10023841D /* ErrorView.swift in Sources */,
				FA27E28E2AC2FAED0023841D /* FootballState.swift in Sources */,
				FA5B0C6C2AC3E36C00D5EAB4 /* SearchBarView.swift in Sources */,
				FA27E2872AC2EFC80023841D /* APIError.swift in Sources */,
				FA27E28B2AC2F56A0023841D /* FootballService.swift in Sources */,
				FA27E27B2AC2E5FF0023841D /* HomeView.swift in Sources */,
			);
			runOnlyForDeploymentPostprocessing = 0;
		};
		FA27E2542AC2DB6B0023841D /* Sources */ = {
			isa = PBXSourcesBuildPhase;
			buildActionMask = 2147483647;
			files = (
				FA27E25D2AC2DB6B0023841D /* footballuiTests.swift in Sources */,
			);
			runOnlyForDeploymentPostprocessing = 0;
		};
		FA27E25E2AC2DB6B0023841D /* Sources */ = {
			isa = PBXSourcesBuildPhase;
			buildActionMask = 2147483647;
			files = (
				FA27E2672AC2DB6B0023841D /* footballuiUITests.swift in Sources */,
				FA27E2692AC2DB6B0023841D /* footballuiUITestsLaunchTests.swift in Sources */,
			);
			runOnlyForDeploymentPostprocessing = 0;
		};
/* End PBXSourcesBuildPhase section */

/* Begin PBXTargetDependency section */
		FA27E25A2AC2DB6B0023841D /* PBXTargetDependency */ = {
			isa = PBXTargetDependency;
			target = FA27E2472AC2DB690023841D /* footballui */;
			targetProxy = FA27E2592AC2DB6B0023841D /* PBXContainerItemProxy */;
		};
		FA27E2642AC2DB6B0023841D /* PBXTargetDependency */ = {
			isa = PBXTargetDependency;
			target = FA27E2472AC2DB690023841D /* footballui */;
			targetProxy = FA27E2632AC2DB6B0023841D /* PBXContainerItemProxy */;
		};
/* End PBXTargetDependency section */

/* Begin XCBuildConfiguration section */
		FA27E26A2AC2DB6B0023841D /* Debug */ = {
			isa = XCBuildConfiguration;
			buildSettings = {
				ALWAYS_SEARCH_USER_PATHS = NO;
				ASSETCATALOG_COMPILER_GENERATE_SWIFT_ASSET_SYMBOL_EXTENSIONS = YES;
				CLANG_ANALYZER_NONNULL = YES;
				CLANG_ANALYZER_NUMBER_OBJECT_CONVERSION = YES_AGGRESSIVE;
				CLANG_CXX_LANGUAGE_STANDARD = "gnu++20";
				CLANG_ENABLE_MODULES = YES;
				CLANG_ENABLE_OBJC_ARC = YES;
				CLANG_ENABLE_OBJC_WEAK = YES;
				CLANG_WARN_BLOCK_CAPTURE_AUTORELEASING = YES;
				CLANG_WARN_BOOL_CONVERSION = YES;
				CLANG_WARN_COMMA = YES;
				CLANG_WARN_CONSTANT_CONVERSION = YES;
				CLANG_WARN_DEPRECATED_OBJC_IMPLEMENTATIONS = YES;
				CLANG_WARN_DIRECT_OBJC_ISA_USAGE = YES_ERROR;
				CLANG_WARN_DOCUMENTATION_COMMENTS = YES;
				CLANG_WARN_EMPTY_BODY = YES;
				CLANG_WARN_ENUM_CONVERSION = YES;
				CLANG_WARN_INFINITE_RECURSION = YES;
				CLANG_WARN_INT_CONVERSION = YES;
				CLANG_WARN_NON_LITERAL_NULL_CONVERSION = YES;
				CLANG_WARN_OBJC_IMPLICIT_RETAIN_SELF = YES;
				CLANG_WARN_OBJC_LITERAL_CONVERSION = YES;
				CLANG_WARN_OBJC_ROOT_CLASS = YES_ERROR;
				CLANG_WARN_QUOTED_INCLUDE_IN_FRAMEWORK_HEADER = YES;
				CLANG_WARN_RANGE_LOOP_ANALYSIS = YES;
				CLANG_WARN_STRICT_PROTOTYPES = YES;
				CLANG_WARN_SUSPICIOUS_MOVE = YES;
				CLANG_WARN_UNGUARDED_AVAILABILITY = YES_AGGRESSIVE;
				CLANG_WARN_UNREACHABLE_CODE = YES;
				CLANG_WARN__DUPLICATE_METHOD_MATCH = YES;
				COPY_PHASE_STRIP = NO;
				DEBUG_INFORMATION_FORMAT = dwarf;
				ENABLE_STRICT_OBJC_MSGSEND = YES;
				ENABLE_TESTABILITY = YES;
				ENABLE_USER_SCRIPT_SANDBOXING = YES;
				GCC_C_LANGUAGE_STANDARD = gnu17;
				GCC_DYNAMIC_NO_PIC = NO;
				GCC_NO_COMMON_BLOCKS = YES;
				GCC_OPTIMIZATION_LEVEL = 0;
				GCC_PREPROCESSOR_DEFINITIONS = (
					"DEBUG=1",
					"$(inherited)",
				);
				GCC_WARN_64_TO_32_BIT_CONVERSION = YES;
				GCC_WARN_ABOUT_RETURN_TYPE = YES_ERROR;
				GCC_WARN_UNDECLARED_SELECTOR = YES;
				GCC_WARN_UNINITIALIZED_AUTOS = YES_AGGRESSIVE;
				GCC_WARN_UNUSED_FUNCTION = YES;
				GCC_WARN_UNUSED_VARIABLE = YES;
				INFOPLIST_KEY_UIUserInterfaceStyle = Light;
				IPHONEOS_DEPLOYMENT_TARGET = 17.0;
				LOCALIZATION_PREFERS_STRING_CATALOGS = YES;
				MTL_ENABLE_DEBUG_INFO = INCLUDE_SOURCE;
				MTL_FAST_MATH = YES;
				ONLY_ACTIVE_ARCH = YES;
				SDKROOT = iphoneos;
				SWIFT_ACTIVE_COMPILATION_CONDITIONS = "DEBUG $(inherited)";
				SWIFT_OPTIMIZATION_LEVEL = "-Onone";
			};
			name = Debug;
		};
		FA27E26B2AC2DB6B0023841D /* Release */ = {
			isa = XCBuildConfiguration;
			buildSettings = {
				ALWAYS_SEARCH_USER_PATHS = NO;
				ASSETCATALOG_COMPILER_GENERATE_SWIFT_ASSET_SYMBOL_EXTENSIONS = YES;
				CLANG_ANALYZER_NONNULL = YES;
				CLANG_ANALYZER_NUMBER_OBJECT_CONVERSION = YES_AGGRESSIVE;
				CLANG_CXX_LANGUAGE_STANDARD = "gnu++20";
				CLANG_ENABLE_MODULES = YES;
				CLANG_ENABLE_OBJC_ARC = YES;
				CLANG_ENABLE_OBJC_WEAK = YES;
				CLANG_WARN_BLOCK_CAPTURE_AUTORELEASING = YES;
				CLANG_WARN_BOOL_CONVERSION = YES;
				CLANG_WARN_COMMA = YES;
				CLANG_WARN_CONSTANT_CONVERSION = YES;
				CLANG_WARN_DEPRECATED_OBJC_IMPLEMENTATIONS = YES;
				CLANG_WARN_DIRECT_OBJC_ISA_USAGE = YES_ERROR;
				CLANG_WARN_DOCUMENTATION_COMMENTS = YES;
				CLANG_WARN_EMPTY_BODY = YES;
				CLANG_WARN_ENUM_CONVERSION = YES;
				CLANG_WARN_INFINITE_RECURSION = YES;
				CLANG_WARN_INT_CONVERSION = YES;
				CLANG_WARN_NON_LITERAL_NULL_CONVERSION = YES;
				CLANG_WARN_OBJC_IMPLICIT_RETAIN_SELF = YES;
				CLANG_WARN_OBJC_LITERAL_CONVERSION = YES;
				CLANG_WARN_OBJC_ROOT_CLASS = YES_ERROR;
				CLANG_WARN_QUOTED_INCLUDE_IN_FRAMEWORK_HEADER = YES;
				CLANG_WARN_RANGE_LOOP_ANALYSIS = YES;
				CLANG_WARN_STRICT_PROTOTYPES = YES;
				CLANG_WARN_SUSPICIOUS_MOVE = YES;
				CLANG_WARN_UNGUARDED_AVAILABILITY = YES_AGGRESSIVE;
				CLANG_WARN_UNREACHABLE_CODE = YES;
				CLANG_WARN__DUPLICATE_METHOD_MATCH = YES;
				COPY_PHASE_STRIP = NO;
				DEBUG_INFORMATION_FORMAT = "dwarf-with-dsym";
				ENABLE_NS_ASSERTIONS = NO;
				ENABLE_STRICT_OBJC_MSGSEND = YES;
				ENABLE_USER_SCRIPT_SANDBOXING = YES;
				GCC_C_LANGUAGE_STANDARD = gnu17;
				GCC_NO_COMMON_BLOCKS = YES;
				GCC_WARN_64_TO_32_BIT_CONVERSION = YES;
				GCC_WARN_ABOUT_RETURN_TYPE = YES_ERROR;
				GCC_WARN_UNDECLARED_SELECTOR = YES;
				GCC_WARN_UNINITIALIZED_AUTOS = YES_AGGRESSIVE;
				GCC_WARN_UNUSED_FUNCTION = YES;
				GCC_WARN_UNUSED_VARIABLE = YES;
				INFOPLIST_KEY_UIUserInterfaceStyle = Light;
				IPHONEOS_DEPLOYMENT_TARGET = 17.0;
				LOCALIZATION_PREFERS_STRING_CATALOGS = YES;
				MTL_ENABLE_DEBUG_INFO = NO;
				MTL_FAST_MATH = YES;
				SDKROOT = iphoneos;
				SWIFT_COMPILATION_MODE = wholemodule;
				VALIDATE_PRODUCT = YES;
			};
			name = Release;
		};
		FA27E26D2AC2DB6B0023841D /* Debug */ = {
			isa = XCBuildConfiguration;
			baseConfigurationReference = A9112E9086A84DE98E9FA385 /* Pods-footballui.debug.xcconfig */;
			buildSettings = {
				ASSETCATALOG_COMPILER_APPICON_NAME = AppIcon;
				ASSETCATALOG_COMPILER_GLOBAL_ACCENT_COLOR_NAME = AccentColor;
				CODE_SIGN_STYLE = Automatic;
				CURRENT_PROJECT_VERSION = 1;
				DEVELOPMENT_ASSET_PATHS = "\"footballui/Preview Content\"";
				DEVELOPMENT_TEAM = F4YFCH9LK5;
				ENABLE_PREVIEWS = YES;
				ENABLE_USER_SCRIPT_SANDBOXING = NO;
				GENERATE_INFOPLIST_FILE = YES;
				INFOPLIST_KEY_UIApplicationSceneManifest_Generation = YES;
				INFOPLIST_KEY_UIApplicationSupportsIndirectInputEvents = YES;
				INFOPLIST_KEY_UILaunchScreen_Generation = YES;
				INFOPLIST_KEY_UISupportedInterfaceOrientations_iPad = "UIInterfaceOrientationPortrait UIInterfaceOrientationPortraitUpsideDown UIInterfaceOrientationLandscapeLeft UIInterfaceOrientationLandscapeRight";
				INFOPLIST_KEY_UISupportedInterfaceOrientations_iPhone = "UIInterfaceOrientationPortrait UIInterfaceOrientationLandscapeLeft UIInterfaceOrientationLandscapeRight";
				LD_RUNPATH_SEARCH_PATHS = (
					"$(inherited)",
					"@executable_path/Frameworks",
				);
				MARKETING_VERSION = 1.0;
				PRODUCT_BUNDLE_IDENTIFIER = com.belajar.footballui;
				PRODUCT_NAME = "$(TARGET_NAME)";
				SWIFT_EMIT_LOC_STRINGS = YES;
				SWIFT_VERSION = 5.0;
				TARGETED_DEVICE_FAMILY = "1,2";
			};
			name = Debug;
		};
		FA27E26E2AC2DB6B0023841D /* Release */ = {
			isa = XCBuildConfiguration;
			baseConfigurationReference = D0C43792EF5F76E063629106 /* Pods-footballui.release.xcconfig */;
			buildSettings = {
				ASSETCATALOG_COMPILER_APPICON_NAME = AppIcon;
				ASSETCATALOG_COMPILER_GLOBAL_ACCENT_COLOR_NAME = AccentColor;
				CODE_SIGN_STYLE = Automatic;
				CURRENT_PROJECT_VERSION = 1;
				DEVELOPMENT_ASSET_PATHS = "\"footballui/Preview Content\"";
				DEVELOPMENT_TEAM = F4YFCH9LK5;
				ENABLE_PREVIEWS = YES;
				ENABLE_USER_SCRIPT_SANDBOXING = NO;
				GENERATE_INFOPLIST_FILE = YES;
				INFOPLIST_KEY_UIApplicationSceneManifest_Generation = YES;
				INFOPLIST_KEY_UIApplicationSupportsIndirectInputEvents = YES;
				INFOPLIST_KEY_UILaunchScreen_Generation = YES;
				INFOPLIST_KEY_UISupportedInterfaceOrientations_iPad = "UIInterfaceOrientationPortrait UIInterfaceOrientationPortraitUpsideDown UIInterfaceOrientationLandscapeLeft UIInterfaceOrientationLandscapeRight";
				INFOPLIST_KEY_UISupportedInterfaceOrientations_iPhone = "UIInterfaceOrientationPortrait UIInterfaceOrientationLandscapeLeft UIInterfaceOrientationLandscapeRight";
				LD_RUNPATH_SEARCH_PATHS = (
					"$(inherited)",
					"@executable_path/Frameworks",
				);
				MARKETING_VERSION = 1.0;
				PRODUCT_BUNDLE_IDENTIFIER = com.belajar.footballui;
				PRODUCT_NAME = "$(TARGET_NAME)";
				SWIFT_EMIT_LOC_STRINGS = YES;
				SWIFT_VERSION = 5.0;
				TARGETED_DEVICE_FAMILY = "1,2";
			};
			name = Release;
		};
		FA27E2702AC2DB6B0023841D /* Debug */ = {
			isa = XCBuildConfiguration;
			baseConfigurationReference = A9AD38A527777CE8A5DEF08C /* Pods-footballuiTests.debug.xcconfig */;
			buildSettings = {
				ALWAYS_EMBED_SWIFT_STANDARD_LIBRARIES = YES;
				BUNDLE_LOADER = "$(TEST_HOST)";
				CODE_SIGN_STYLE = Automatic;
				CURRENT_PROJECT_VERSION = 1;
				DEVELOPMENT_TEAM = F4YFCH9LK5;
				GENERATE_INFOPLIST_FILE = YES;
				IPHONEOS_DEPLOYMENT_TARGET = 17.0;
				MARKETING_VERSION = 1.0;
				PRODUCT_BUNDLE_IDENTIFIER = com.belajar.footballuiTests;
				PRODUCT_NAME = "$(TARGET_NAME)";
				SWIFT_EMIT_LOC_STRINGS = NO;
				SWIFT_VERSION = 5.0;
				TARGETED_DEVICE_FAMILY = "1,2";
				TEST_HOST = "$(BUILT_PRODUCTS_DIR)/footballui.app/$(BUNDLE_EXECUTABLE_FOLDER_PATH)/footballui";
			};
			name = Debug;
		};
		FA27E2712AC2DB6B0023841D /* Release */ = {
			isa = XCBuildConfiguration;
			baseConfigurationReference = 7549C337C730798F85428220 /* Pods-footballuiTests.release.xcconfig */;
			buildSettings = {
				ALWAYS_EMBED_SWIFT_STANDARD_LIBRARIES = YES;
				BUNDLE_LOADER = "$(TEST_HOST)";
				CODE_SIGN_STYLE = Automatic;
				CURRENT_PROJECT_VERSION = 1;
				DEVELOPMENT_TEAM = F4YFCH9LK5;
				GENERATE_INFOPLIST_FILE = YES;
				IPHONEOS_DEPLOYMENT_TARGET = 17.0;
				MARKETING_VERSION = 1.0;
				PRODUCT_BUNDLE_IDENTIFIER = com.belajar.footballuiTests;
				PRODUCT_NAME = "$(TARGET_NAME)";
				SWIFT_EMIT_LOC_STRINGS = NO;
				SWIFT_VERSION = 5.0;
				TARGETED_DEVICE_FAMILY = "1,2";
				TEST_HOST = "$(BUILT_PRODUCTS_DIR)/footballui.app/$(BUNDLE_EXECUTABLE_FOLDER_PATH)/footballui";
			};
			name = Release;
		};
		FA27E2732AC2DB6B0023841D /* Debug */ = {
			isa = XCBuildConfiguration;
			baseConfigurationReference = 1D5D15AB050AA87B7ACC396C /* Pods-footballui-footballuiUITests.debug.xcconfig */;
			buildSettings = {
				ALWAYS_EMBED_SWIFT_STANDARD_LIBRARIES = YES;
				CODE_SIGN_STYLE = Automatic;
				CURRENT_PROJECT_VERSION = 1;
				DEVELOPMENT_TEAM = F4YFCH9LK5;
				GENERATE_INFOPLIST_FILE = YES;
				MARKETING_VERSION = 1.0;
				PRODUCT_BUNDLE_IDENTIFIER = com.belajar.footballuiUITests;
				PRODUCT_NAME = "$(TARGET_NAME)";
				SWIFT_EMIT_LOC_STRINGS = NO;
				SWIFT_VERSION = 5.0;
				TARGETED_DEVICE_FAMILY = "1,2";
				TEST_TARGET_NAME = footballui;
			};
			name = Debug;
		};
		FA27E2742AC2DB6B0023841D /* Release */ = {
			isa = XCBuildConfiguration;
			baseConfigurationReference = BC9A76A56A17EB6A4F25B5CD /* Pods-footballui-footballuiUITests.release.xcconfig */;
			buildSettings = {
				ALWAYS_EMBED_SWIFT_STANDARD_LIBRARIES = YES;
				CODE_SIGN_STYLE = Automatic;
				CURRENT_PROJECT_VERSION = 1;
				DEVELOPMENT_TEAM = F4YFCH9LK5;
				GENERATE_INFOPLIST_FILE = YES;
				MARKETING_VERSION = 1.0;
				PRODUCT_BUNDLE_IDENTIFIER = com.belajar.footballuiUITests;
				PRODUCT_NAME = "$(TARGET_NAME)";
				SWIFT_EMIT_LOC_STRINGS = NO;
				SWIFT_VERSION = 5.0;
				TARGETED_DEVICE_FAMILY = "1,2";
				TEST_TARGET_NAME = footballui;
			};
			name = Release;
		};
/* End XCBuildConfiguration section */

/* Begin XCConfigurationList section */
		FA27E2432AC2DB690023841D /* Build configuration list for PBXProject "footballui" */ = {
			isa = XCConfigurationList;
			buildConfigurations = (
				FA27E26A2AC2DB6B0023841D /* Debug */,
				FA27E26B2AC2DB6B0023841D /* Release */,
			);
			defaultConfigurationIsVisible = 0;
			defaultConfigurationName = Release;
		};
		FA27E26C2AC2DB6B0023841D /* Build configuration list for PBXNativeTarget "footballui" */ = {
			isa = XCConfigurationList;
			buildConfigurations = (
				FA27E26D2AC2DB6B0023841D /* Debug */,
				FA27E26E2AC2DB6B0023841D /* Release */,
			);
			defaultConfigurationIsVisible = 0;
			defaultConfigurationName = Release;
		};
		FA27E26F2AC2DB6B0023841D /* Build configuration list for PBXNativeTarget "footballuiTests" */ = {
			isa = XCConfigurationList;
			buildConfigurations = (
				FA27E2702AC2DB6B0023841D /* Debug */,
				FA27E2712AC2DB6B0023841D /* Release */,
			);
			defaultConfigurationIsVisible = 0;
			defaultConfigurationName = Release;
		};
		FA27E2722AC2DB6B0023841D /* Build configuration list for PBXNativeTarget "footballuiUITests" */ = {
			isa = XCConfigurationList;
			buildConfigurations = (
				FA27E2732AC2DB6B0023841D /* Debug */,
				FA27E2742AC2DB6B0023841D /* Release */,
			);
			defaultConfigurationIsVisible = 0;
			defaultConfigurationName = Release;
		};
/* End XCConfigurationList section */
	};
	rootObject = FA27E2402AC2DB690023841D /* Project object */;
}
